
Microsoft Visual Studio Solution File, Format Version 12.00
# Visual Studio Version 17
VisualStudioVersion = 17.12.35514.174 d17.12
MinimumVisualStudioVersion = 10.0.40219.1
Project("{FAE04EC0-301F-11D3-BF4B-00C04F79EFBC}") = "ToeAppStack.Server", "ToeAppStack.Server\ToeAppStack.Server.csproj", "{26348819-57EB-4C15-8182-D364319488FD}"
EndProject
Project("{FAE04EC0-301F-11D3-BF4B-00C04F79EFBC}") = "ToeAppStack.AppHost", "ToeAppStack.AppHost\ToeAppStack.AppHost.csproj", "{18C922A5-5ED0-44FA-8F2F-ECAEF23D55A3}"
EndProject
Project("{FAE04EC0-301F-11D3-BF4B-00C04F79EFBC}") = "ToeAppStack.ServiceDefaults", "ToeAppStack.ServiceDefaults\ToeAppStack.ServiceDefaults.csproj", "{0E05D3AF-D8B9-4DE9-B16A-536A97406089}"
EndProject
Project("{54A90642-561A-4BB1-A94E-469ADEE60C69}") = "toeappstack.client", "toeappstack.client\toeappstack.client.esproj", "{9B74FEAC-4DFF-4F87-9FBA-67F7F5CBF78B}"
EndProject
Global
	GlobalSection(SolutionConfigurationPlatforms) = preSolution
		Debug|Any CPU = Debug|Any CPU
		Release|Any CPU = Release|Any CPU
	EndGlobalSection
	GlobalSection(ProjectConfigurationPlatforms) = postSolution
		{26348819-57EB-4C15-8182-D364319488FD}.Debug|Any CPU.ActiveCfg = Debug|Any CPU
		{26348819-57EB-4C15-8182-D364319488FD}.Debug|Any CPU.Build.0 = Debug|Any CPU
		{26348819-57EB-4C15-8182-D364319488FD}.Release|Any CPU.ActiveCfg = Release|Any CPU
		{26348819-57EB-4C15-8182-D364319488FD}.Release|Any CPU.Build.0 = Release|Any CPU
		{18C922A5-5ED0-44FA-8F2F-ECAEF23D55A3}.Debug|Any CPU.ActiveCfg = Debug|Any CPU
		{18C922A5-5ED0-44FA-8F2F-ECAEF23D55A3}.Debug|Any CPU.Build.0 = Debug|Any CPU
		{18C922A5-5ED0-44FA-8F2F-ECAEF23D55A3}.Release|Any CPU.ActiveCfg = Release|Any CPU
		{18C922A5-5ED0-44FA-8F2F-ECAEF23D55A3}.Release|Any CPU.Build.0 = Release|Any CPU
		{0E05D3AF-D8B9-4DE9-B16A-536A97406089}.Debug|Any CPU.ActiveCfg = Debug|Any CPU
		{0E05D3AF-D8B9-4DE9-B16A-536A97406089}.Debug|Any CPU.Build.0 = Debug|Any CPU
		{0E05D3AF-D8B9-4DE9-B16A-536A97406089}.Release|Any CPU.ActiveCfg = Release|Any CPU
		{0E05D3AF-D8B9-4DE9-B16A-536A97406089}.Release|Any CPU.Build.0 = Release|Any CPU
		{9B74FEAC-4DFF-4F87-9FBA-67F7F5CBF78B}.Debug|Any CPU.ActiveCfg = Debug|Any CPU
		{9B74FEAC-4DFF-4F87-9FBA-67F7F5CBF78B}.Debug|Any CPU.Build.0 = Debug|Any CPU
		{9B74FEAC-4DFF-4F87-9FBA-67F7F5CBF78B}.Debug|Any CPU.Deploy.0 = Debug|Any CPU
		{9B74FEAC-4DFF-4F87-9FBA-67F7F5CBF78B}.Release|Any CPU.ActiveCfg = Release|Any CPU
		{9B74FEAC-4DFF-4F87-9FBA-67F7F5CBF78B}.Release|Any CPU.Build.0 = Release|Any CPU
		{9B74FEAC-4DFF-4F87-9FBA-67F7F5CBF78B}.Release|Any CPU.Deploy.0 = Release|Any CPU
	EndGlobalSection
	GlobalSection(SolutionProperties) = preSolution
		HideSolutionNode = FALSE
	EndGlobalSection
EndGlobal
